{
  "name": "@kcram-solutions/logger",
  "version": "0.1.0",
  "lockfileVersion": 3,
  "requires": true,
  "packages": {
    "": {
      "name": "@kcram-solutions/logger",
      "version": "0.1.0",
      "license": "ISC",
      "devDependencies": {
        "moka": "^0.2.0"
      }
    },
    "node_modules/async": {
      "version": "0.1.22",
      "resolved": "https://registry.npmjs.org/async/-/async-0.1.22.tgz",
      "integrity": "sha512-2tEzliJmf5fHNafNwQLJXUasGzQCVctvsNkXmnlELHwypU0p08/rHohYvkqKIjyXpx+0rkrYv6QbhJ+UF4QkBg==",
      "dev": true,
      "engines": {
        "node": "*"
      }
    },
    "node_modules/moka": {
      "version": "0.2.0",
      "resolved": "https://registry.npmjs.org/moka/-/moka-0.2.0.tgz",
      "integrity": "sha512-ePsqeV8UdCR98Ofw6WYAxMqupX0L5fZTF0y05kG6CnU/HTz1BUKLTz0KyIsk/w+x5EltrWGl7le8BS1eq6vZsw==",
      "dev": true,
      "dependencies": {
        "async": "~0.1.22"
      },
      "bin": {
        "moka": "moka-bin"
      }
    }
  }
}
